{
  "version": "5",
  "remote": {
    "https://edge.netlify.com/": "fd941d61d88673d5f28aab283fb86fcc50f08a3bc80ee5470498fcfa88c65cfb",
    "https://edge.netlify.com/bootstrap/config.ts": "6a2ce0e544e15e8f8883a5c18da5948e37fd0f2619f68cb31f3af53c51817025",
    "https://edge.netlify.com/bootstrap/context.ts": "e97240232121e2f369f6546ce961490f34d961ea1ea54be3ff09633e3f08373f",
    "https://edge.netlify.com/bootstrap/cookie.ts": "8b0baae708989ca183c6f3b4ab3d029e6abcbc2e43f93edeb0ff447b3bbc3a05",
    "https://edge.netlify.com/bootstrap/edge_function.ts": "b8253e86aa83c67341f5cfedeba5049d77fbf84dcab7eceff7566b7728ae9b39",
    "https://edge.netlify.com/bootstrap/globals/types.ts": "eaa6148ded3121d8dee62dd91c86e7fe76601df0f3ca8d7962243a30f4c8935f"
  },
  "workspace": {
    "packageJson": {
      "dependencies": [
        "npm:@cubos/kysely-cockroach@1",
        "npm:@eslint/js@^9.17.0",
        "npm:@headlessui/vue@^1.7.23",
        "npm:@mdi/js@^7.4.47",
        "npm:@netlify/functions@^5.1.2",
        "npm:@pinia/testing@^0.0.16",
        "npm:@tanstack/eslint-plugin-query@^5.91.2",
        "npm:@tanstack/query-persist-client-core@^4.29.7",
        "npm:@tanstack/query-sync-storage-persister@^4.41.0",
        "npm:@tanstack/vue-query@^4.41.0",
        "npm:@tanstack/vue-table@^8.21.3",
        "npm:@testing-library/jest-dom@^5.17.0",
        "npm:@testing-library/user-event@^14.6.1",
        "npm:@testing-library/vue@7",
        "npm:@types/bcrypt@6",
        "npm:@types/luxon@^3.7.1",
        "npm:@types/node@^22.19.3",
        "npm:@types/pg@^8.16.0",
        "npm:@types/randomcolor@~0.5.9",
        "npm:@typescript-eslint/eslint-plugin@^8.18.2",
        "npm:@typescript-eslint/parser@^8.18.2",
        "npm:@vitejs/plugin-vue@^6.0.3",
        "npm:@vitest/coverage-istanbul@^4.0.16",
        "npm:@vue/eslint-config-prettier@^10.2.0",
        "npm:@vue/eslint-config-typescript@^14.6.0",
        "npm:ag-charts-vue3@^11.3.2",
        "npm:animate.css@^4.1.1",
        "npm:autoprefixer@^10.4.23",
        "npm:axios@^1.13.2",
        "npm:bcrypt@6",
        "npm:better-auth@^1.4.18",
        "npm:cloudinary@^2.8.0",
        "npm:eslint-config-prettier@^9.1.2",
        "npm:eslint-plugin-import@^2.32.0",
        "npm:eslint-plugin-vue@^9.33.0",
        "npm:eslint@^9.39.2",
        "npm:globals@^15.15.0",
        "npm:jsdom@^21.1.2",
        "npm:kysely-codegen@0.15",
        "npm:kysely@~0.27.6",
        "npm:lambda-multipart-parser@^1.0.1",
        "npm:luxon@^3.7.2",
        "npm:mdi-vue@^3.0.13",
        "npm:msw@^2.12.4",
        "npm:path-parser@^6.1.0",
        "npm:pg@^8.16.3",
        "npm:pinia@^2.3.1",
        "npm:postcss@^8.5.6",
        "npm:prettier-plugin-tailwindcss@~0.6.14",
        "npm:prettier@^3.7.4",
        "npm:randomcolor@~0.6.2",
        "npm:resend@^6.6.0",
        "npm:tailwindcss@^3.4.19",
        "npm:tsx@^4.21.0",
        "npm:typescript-eslint@^8.50.0",
        "npm:typescript@^5.9.3",
        "npm:vite@^7.3.0",
        "npm:vitest@^4.0.15",
        "npm:vue-draggable-next@^2.3.0",
        "npm:vue-eslint-parser@^9.4.3",
        "npm:vue-router@^4.6.4",
        "npm:vue-toastification@^2.0.0-rc.5",
        "npm:vue-tsc@^3.1.8",
        "npm:vue@^3.3.4",
        "npm:zod@^3.25.76"
      ]
    }
  }
}
